# This file is autogenerated, do not edit; changes may be undone by the next 'dep ensure'.


[[projects]]
  branch = "master"
  name = "github.com/aybabtme/rgbterm"
  packages = ["."]
  revision = "0ccafcfa2bb9c5589165ab987ff6df9af5e4e000"

[[projects]]
  branch = "master"
  name = "github.com/nfnt/resize"
  packages = ["."]
  revision = "891127d8d1b52734debe1b3c3d7e747502b6c366"

[[projects]]
  name = "github.com/victorgama/colorarty"
  packages = ["."]
  revision = "f7bea3d73555899d501cd1990a54b3a8197baeb2"
  version = "v0.1.0"

[solve-meta]
  analyzer-name = "dep"
  analyzer-version = 1
  inputs-digest = "c2418570c0db35d19e50055b181252b2cf136a8b0c9705aca08fc8632d6a9693"
  solver-name = "gps-cdcl"
  solver-version = 1
